
Microsoft Visual Studio Solution File, Format Version 12.00
# Visual Studio Version 16
VisualStudioVersion = 16.0.32510.428
MinimumVisualStudioVersion = 10.0.40219.1
Project("{FAE04EC0-301F-11D3-BF4B-00C04F79EFBC}") = "Encryptor", "Encryptor\Encryptor.csproj", "{1B6E7D32-FFA3-4906-9DC6-9EA0C662F188}"
EndProject
Global
	GlobalSection(SolutionConfigurationPlatforms) = preSolution
		Debug|Any CPU = Debug|Any CPU
		Release|Any CPU = Release|Any CPU
	EndGlobalSection
	GlobalSection(ProjectConfigurationPlatforms) = postSolution
		{1B6E7D32-FFA3-4906-9DC6-9EA0C662F188}.Debug|Any CPU.ActiveCfg = Debug|Any CPU
		{1B6E7D32-FFA3-4906-9DC6-9EA0C662F188}.Debug|Any CPU.Build.0 = Debug|Any CPU
		{1B6E7D32-FFA3-4906-9DC6-9EA0C662F188}.Release|Any CPU.ActiveCfg = Release|Any CPU
		{1B6E7D32-FFA3-4906-9DC6-9EA0C662F188}.Release|Any CPU.Build.0 = Release|Any CPU
	EndGlobalSection
	GlobalSection(SolutionProperties) = preSolution
		HideSolutionNode = FALSE
	EndGlobalSection
	GlobalSection(ExtensibilityGlobals) = postSolution
		SolutionGuid = {4854EBC0-0552-48E5-8C48-685163E02A18}
	EndGlobalSection
EndGlobal
